<?xml version="1.0" encoding="utf-8"?>
<Project ToolsVersion="4.0" xmlns="http://schemas.microsoft.com/developer/msbuild/2003">
  <ItemGroup>
    <Filter Include="Source Files">
      <UniqueIdentifier>{fbc7cd87-b276-4acb-b162-4bd03ffaa132}</UniqueIdentifier>
    </Filter>
  </ItemGroup>
  <ItemGroup>
    <ClCompile Include="AboutBox.cpp" />
    <ClCompile Include="advprops.cpp" />
    <ClCompile Include="AutoSave.cpp" />
    <ClCompile Include="BezierCurve.cpp" />
    <ClCompile Include="Cone.cpp" />
    <ClCompile Include="ConversionTools.cpp" />
    <ClCompile Include="CoordinateSystem.cpp" />
    <ClCompile Include="CorrelationTool.cpp" />
    <ClCompile Include="Cuboid.cpp" />
    <ClCompile Include="CuboidDlg.cpp" />
    <ClCompile Include="Cylinder.cpp" />
    <ClCompile Include="DigitizedPoint.cpp" />
    <ClCompile Include="DigitizeMode.cpp" />
    <ClCompile Include="DimensionDrawing.cpp" />
    <ClCompile Include="..\interface\DoubleInput.cpp" />
    <ClCompile Include="Drawing.cpp" />
    <ClCompile Include="dxf.cpp" />
    <ClCompile Include="Edge.cpp" />
    <ClCompile Include="EndedObject.cpp" />
    <ClCompile Include="ExitMainLoop.cpp" />
    <ClCompile Include="Face.cpp" />
    <ClCompile Include="FaceTools.cpp" />
    <ClCompile Include="glfont2.cpp" />
    <ClCompile Include="GLList.cpp" />
    <ClCompile Include="GraphicsCanvas.cpp" />
    <ClCompile Include="Grid.cpp" />
    <ClCompile Include="Gripper.cpp" />
    <ClCompile Include="GripperSelTransform.cpp" />
    <ClCompile Include="Group.cpp" />
    <ClCompile Include="HAngularDimension.cpp" />
    <ClCompile Include="HArc.cpp" />
    <ClCompile Include="HArea.cpp" />
    <ClCompile Include="HCircle.cpp" />
    <ClCompile Include="..\interface\HDialogs.cpp" />
    <ClCompile Include="HDimension.cpp" />
    <ClCompile Include="HDxf.cpp" />
    <ClCompile Include="HeeksCAD.cpp" />
    <ClCompile Include="..\interface\HeeksCADInterface.cpp" />
    <ClCompile Include="..\interface\HeeksColor.cpp" />
    <ClCompile Include="HeeksFrame.cpp" />
    <ClCompile Include="..\interface\HeeksObj.cpp" />
    <ClCompile Include="..\interface\HeeksObjDlg.cpp" />
    <ClCompile Include="HeeksPrintout.cpp" />
    <ClCompile Include="HEllipse.cpp" />
    <ClCompile Include="HGear.cpp" />
    <ClCompile Include="HILine.cpp" />
    <ClCompile Include="HImage.cpp" />
    <ClCompile Include="History.cpp" />
    <ClCompile Include="HLine.cpp" />
    <ClCompile Include="HPoint.cpp" />
    <ClCompile Include="HSpline.cpp" />
    <ClCompile Include="HText.cpp" />
    <ClCompile Include="HXml.cpp" />
    <ClCompile Include="..\interface\IdNamedObj.cpp" />
    <ClCompile Include="..\interface\IdNamedObjList.cpp" />
    <ClCompile Include="Input.cpp" />
    <ClCompile Include="InputModeCanvas.cpp" />
    <ClCompile Include="..\interface\LeftAndRight.cpp" />
    <ClCompile Include="LineArcDrawing.cpp" />
    <ClCompile Include="Loop.cpp" />
    <ClCompile Include="MagDragWindow.cpp" />
    <ClCompile Include="manager.cpp" />
    <ClCompile Include="MarkedList.cpp" />
    <ClCompile Include="..\interface\MarkedObject.cpp" />
    <ClCompile Include="..\interface\NiceTextCtrl.cpp" />
    <ClCompile Include="..\interface\ObjList.cpp" />
    <ClCompile Include="ObjPropsCanvas.cpp" />
    <ClCompile Include="odcombo.cpp" />
    <ClCompile Include="OptionsCanvas.cpp" />
    <ClCompile Include="OrientationModifier.cpp" />
    <ClCompile Include="..\interface\PictureFrame.cpp" />
    <ClCompile Include="Plugins.cpp" />
    <ClCompile Include="PointDrawing.cpp" />
    <ClCompile Include="PointOrWindow.cpp" />
    <ClCompile Include="PropertiesCanvas.cpp" />
    <ClCompile Include="PropertyChange.cpp" />
    <ClCompile Include="..\interface\PropertyCheck.cpp" />
    <ClCompile Include="..\interface\PropertyChoice.cpp" />
    <ClCompile Include="..\interface\PropertyColor.cpp" />
    <ClCompile Include="..\interface\PropertyDouble.cpp" />
    <ClCompile Include="..\interface\PropertyInt.cpp" />
    <ClCompile Include="..\interface\PropertyLength.cpp" />
    <ClCompile Include="..\interface\PropertyList.cpp" />
    <ClCompile Include="..\interface\PropertyString.cpp" />
    <ClCompile Include="PropertyTrsf.cpp" />
    <ClCompile Include="..\interface\PropertyVertex.cpp" />
    <ClCompile Include="propgrid.cpp" />
    <ClCompile Include="props.cpp" />
    <ClCompile Include="RegularShapesDrawing.cpp" />
    <ClCompile Include="RemoveOrAddTool.cpp" />
    <ClCompile Include="RS274X.cpp" />
    <ClCompile Include="RuledSurface.cpp" />
    <ClCompile Include="Ruler.cpp" />
    <ClCompile Include="Sectioning.cpp" />
    <ClCompile Include="SelectMode.cpp" />
    <ClCompile Include="Shape.cpp" />
    <ClCompile Include="ShapeData.cpp" />
    <ClCompile Include="ShapeTools.cpp" />
    <ClCompile Include="Sketch.cpp" />
    <ClCompile Include="Solid.cpp" />
    <ClCompile Include="SolidTools.cpp" />
    <ClCompile Include="Sphere.cpp" />
    <ClCompile Include="stdafx.cpp" />
    <ClCompile Include="StlSolid.cpp" />
    <ClCompile Include="..\interface\strconv.cpp" />
    <ClCompile Include="StretchTool.cpp" />
    <ClCompile Include="svg.cpp" />
    <ClCompile Include="..\tinyxml\tinystr.cpp" />
    <ClCompile Include="..\tinyxml\tinyxml.cpp" />
    <ClCompile Include="..\tinyxml\tinyxmlerror.cpp" />
    <ClCompile Include="..\tinyxml\tinyxmlparser.cpp" />
    <ClCompile Include="..\interface\ToolImage.cpp" />
    <ClCompile Include="..\interface\ToolList.cpp" />
    <ClCompile Include="TransformTool.cpp" />
    <ClCompile Include="TransformTools.cpp" />
    <ClCompile Include="TreeCanvas.cpp" />
    <ClCompile Include="Vertex.cpp" />
    <ClCompile Include="ViewPanning.cpp" />
    <ClCompile Include="ViewPoint.cpp" />
    <ClCompile Include="ViewRotating.cpp" />
    <ClCompile Include="ViewZooming.cpp" />
    <ClCompile Include="Window.cpp" />
    <ClCompile Include="Wire.cpp" />
    <ClCompile Include="wxImageLoader.cpp" />
    <ClCompile Include="..\interface\Geom.cpp" />
  </ItemGroup>
  <ItemGroup>
    <ClInclude Include="AboutBox.h" />
    <ClInclude Include="advprops.h" />
    <ClInclude Include="AutoSave.h" />
    <ClInclude Include="BezierCurve.h" />
    <ClInclude Include="..\interface\Box.h" />
    <ClInclude Include="Cone.h" />
    <ClInclude Include="ConversionTools.h" />
    <ClInclude Include="CoordinateSystem.h" />
    <ClInclude Include="CorrelationTool.h" />
    <ClInclude Include="Cuboid.h" />
    <ClInclude Include="CuboidDlg.h" />
    <ClInclude Include="Cylinder.h" />
    <ClInclude Include="DigitizedPoint.h" />
    <ClInclude Include="DigitizeMode.h" />
    <ClInclude Include="DimensionDrawing.h" />
    <ClInclude Include="..\interface\DoubleInput.h" />
    <ClInclude Include="Drawing.h" />
    <ClInclude Include="dxf.h" />
    <ClInclude Include="Edge.h" />
    <ClInclude Include="EndedObject.h" />
    <ClInclude Include="Face.h" />
    <ClInclude Include="FaceTools.h" />
    <ClInclude Include="glfont2.h" />
    <ClInclude Include="GLList.h" />
    <ClInclude Include="GraphicsCanvas.h" />
    <ClInclude Include="Grid.h" />
    <ClInclude Include="Gripper.h" />
    <ClInclude Include="GripperSelTransform.h" />
    <ClInclude Include="Group.h" />
    <ClInclude Include="HAngularDimension.h" />
    <ClInclude Include="HArc.h" />
    <ClInclude Include="HArea.h" />
    <ClInclude Include="HCircle.h" />
    <ClInclude Include="..\interface\HDialogs.h" />
    <ClInclude Include="HDimension.h" />
    <ClInclude Include="HDxf.h" />
    <ClInclude Include="HeeksCAD.h" />
    <ClInclude Include="..\interface\HeeksCADInterface.h" />
    <ClInclude Include="..\interface\HeeksColor.h" />
    <ClInclude Include="HeeksConfig.h" />
    <ClInclude Include="HeeksFrame.h" />
    <ClInclude Include="..\interface\HeeksObj.h" />
    <ClInclude Include="..\interface\HeeksObjDlg.h" />
    <ClInclude Include="HeeksPrintout.h" />
    <ClInclude Include="HEllipse.h" />
    <ClInclude Include="HGear.h" />
    <ClInclude Include="HILine.h" />
    <ClInclude Include="HImage.h" />
    <ClInclude Include="History.h" />
    <ClInclude Include="HLine.h" />
    <ClInclude Include="HPoint.h" />
    <ClInclude Include="HSpline.h" />
    <ClInclude Include="HText.h" />
    <ClInclude Include="HXml.h" />
    <ClInclude Include="..\interface\IdNamedObj.h" />
    <ClInclude Include="..\interface\IdNamedObjList.h" />
    <ClInclude Include="Index.h" />
    <ClInclude Include="..\interface\InputMode.h" />
    <ClInclude Include="InputModeCanvas.h" />
    <ClInclude Include="Intersector.h" />
    <ClInclude Include="..\interface\LeftAndRight.h" />
    <ClInclude Include="LineArcDrawing.h" />
    <ClInclude Include="Loop.h" />
    <ClInclude Include="MagDragWindow.h" />
    <ClInclude Include="manager.h" />
    <ClInclude Include="MarkedList.h" />
    <ClInclude Include="..\interface\MarkedObject.h" />
    <ClInclude Include="..\interface\Material.h" />
    <ClInclude Include="..\interface\NiceTextCtrl.h" />
    <ClInclude Include="..\interface\ObjList.h" />
    <ClInclude Include="ObjPropsCanvas.h" />
    <ClInclude Include="..\interface\Observer.h" />
    <ClInclude Include="odcombo.h" />
    <ClInclude Include="OptionsCanvas.h" />
    <ClInclude Include="OrientationModifier.h" />
    <ClInclude Include="..\interface\PictureFrame.h" />
    <ClInclude Include="Plugins.h" />
    <ClInclude Include="PointDrawing.h" />
    <ClInclude Include="PointOrWindow.h" />
    <ClInclude Include="propdev.h" />
    <ClInclude Include="PropertiesCanvas.h" />
    <ClInclude Include="..\interface\Property.h" />
    <ClInclude Include="PropertyChange.h" />
    <ClInclude Include="..\interface\PropertyCheck.h" />
    <ClInclude Include="..\interface\PropertyChoice.h" />
    <ClInclude Include="..\interface\PropertyColor.h" />
    <ClInclude Include="..\interface\PropertyDouble.h" />
    <ClInclude Include="..\interface\PropertyInt.h" />
    <ClInclude Include="..\interface\PropertyLength.h" />
    <ClInclude Include="..\interface\PropertyList.h" />
    <ClInclude Include="..\interface\PropertyString.h" />
    <ClInclude Include="PropertyTrsf.h" />
    <ClInclude Include="..\interface\PropertyVertex.h" />
    <ClInclude Include="propgrid.h" />
    <ClInclude Include="RegularShapesDrawing.h" />
    <ClInclude Include="RemoveOrAddTool.h" />
    <ClInclude Include="RuledSurface.h" />
    <ClInclude Include="Ruler.h" />
    <ClInclude Include="Sectioning.h" />
    <ClInclude Include="SelectMode.h" />
    <ClInclude Include="Shape.h" />
    <ClInclude Include="ShapeData.h" />
    <ClInclude Include="ShapeTools.h" />
    <ClInclude Include="Sketch.h" />
    <ClInclude Include="Solid.h" />
    <ClInclude Include="SolidTools.h" />
    <ClInclude Include="Sphere.h" />
    <ClInclude Include="stdafx.h" />
    <ClInclude Include="StlSolid.h" />
    <ClInclude Include="..\interface\strconv.h" />
    <ClInclude Include="StretchTool.h" />
    <ClInclude Include="svg.h" />
    <ClInclude Include="..\tinyxml\tinystr.h" />
    <ClInclude Include="..\tinyxml\tinyxml.h" />
    <ClInclude Include="..\interface\Tool.h" />
    <ClInclude Include="..\interface\ToolImage.h" />
    <ClInclude Include="..\interface\ToolList.h" />
    <ClInclude Include="TransformTool.h" />
    <ClInclude Include="TransformTools.h" />
    <ClInclude Include="TreeCanvas.h" />
    <ClInclude Include="Vertex.h" />
    <ClInclude Include="ViewPanning.h" />
    <ClInclude Include="ViewPoint.h" />
    <ClInclude Include="ViewRotating.h" />
    <ClInclude Include="ViewZooming.h" />
    <ClInclude Include="Window.h" />
    <ClInclude Include="Wire.h" />
    <ClInclude Include="wxImageLoader.h" />
    <ClInclude Include="..\interface\Geom.h" />
  </ItemGroup>
  <ItemGroup>
    <ResourceCompile Include="HeeksCAD.rc" />
  </ItemGroup>
</Project>