<?xml version="1.0" encoding="utf-8"?>
<Project ToolsVersion="4.0" xmlns="http://schemas.microsoft.com/developer/msbuild/2003">
  <ItemGroup>
    <Filter Include="Source Files">
      <UniqueIdentifier>{4FC737F1-C7A5-4376-A066-2A32D752A2FF}</UniqueIdentifier>
      <Extensions>cpp;c;cc;cxx;def;odl;idl;hpj;bat;asm;asmx</Extensions>
    </Filter>
    <Filter Include="Header Files">
      <UniqueIdentifier>{93995380-89BD-4b04-88EB-625FBE52EBFB}</UniqueIdentifier>
      <Extensions>h;hpp;hxx;hm;inl;inc;xsd</Extensions>
    </Filter>
    <Filter Include="Resource Files">
      <UniqueIdentifier>{67DA6AB6-F800-4c08-8B7A-83BB121AAD01}</UniqueIdentifier>
      <Extensions>rc;ico;cur;bmp;dlg;rc2;rct;bin;rgs;gif;jpg;jpeg;jpe;resx;tiff;tif;png;wav</Extensions>
    </Filter>
  </ItemGroup>
  <ItemGroup>
    <ClCompile Include="Arc.cpp">
      <Filter>Source Files</Filter>
    </ClCompile>
    <ClCompile Include="Area.cpp">
      <Filter>Source Files</Filter>
    </ClCompile>
    <ClCompile Include="AreaBoolean.cpp">
      <Filter>Source Files</Filter>
    </ClCompile>
    <ClCompile Include="AreaDxf.cpp">
      <Filter>Source Files</Filter>
    </ClCompile>
    <ClCompile Include="AreaOrderer.cpp">
      <Filter>Source Files</Filter>
    </ClCompile>
    <ClCompile Include="AreaPocket.cpp">
      <Filter>Source Files</Filter>
    </ClCompile>
    <ClCompile Include="kbool\src\booleng.cpp">
      <Filter>Source Files</Filter>
    </ClCompile>
    <ClCompile Include="Circle.cpp">
      <Filter>Source Files</Filter>
    </ClCompile>
    <ClCompile Include="kurve\Construction.cpp">
      <Filter>Source Files</Filter>
    </ClCompile>
    <ClCompile Include="Curve.cpp">
      <Filter>Source Files</Filter>
    </ClCompile>
    <ClCompile Include="dxf.cpp">
      <Filter>Source Files</Filter>
    </ClCompile>
    <ClCompile Include="kurve\Finite.cpp">
      <Filter>Source Files</Filter>
    </ClCompile>
    <ClCompile Include="kbool\src\graph.cpp">
      <Filter>Source Files</Filter>
    </ClCompile>
    <ClCompile Include="kbool\src\graphlst.cpp">
      <Filter>Source Files</Filter>
    </ClCompile>
    <ClCompile Include="kbool\src\instonly.cpp">
      <Filter>Source Files</Filter>
    </ClCompile>
    <ClCompile Include="kurve\kurve.cpp">
      <Filter>Source Files</Filter>
    </ClCompile>
    <ClCompile Include="kbool\src\line.cpp">
      <Filter>Source Files</Filter>
    </ClCompile>
    <ClCompile Include="kbool\src\link.cpp">
      <Filter>Source Files</Filter>
    </ClCompile>
    <ClCompile Include="kbool\src\lpoint.cpp">
      <Filter>Source Files</Filter>
    </ClCompile>
    <ClCompile Include="kurve\Matrix.cpp">
      <Filter>Source Files</Filter>
    </ClCompile>
    <ClCompile Include="kbool\src\node.cpp">
      <Filter>Source Files</Filter>
    </ClCompile>
    <ClCompile Include="kurve\offset.cpp">
      <Filter>Source Files</Filter>
    </ClCompile>
    <ClCompile Include="PythonStuff.cpp">
      <Filter>Source Files</Filter>
    </ClCompile>
    <ClCompile Include="kbool\src\record.cpp">
      <Filter>Source Files</Filter>
    </ClCompile>
    <ClCompile Include="kbool\src\scanbeam.cpp">
      <Filter>Source Files</Filter>
    </ClCompile>
  </ItemGroup>
  <ItemGroup>
    <ClInclude Include="kbool\include\_dl_itr.h">
      <Filter>Header Files</Filter>
    </ClInclude>
    <ClInclude Include="kbool\include\_lnk_itr.h">
      <Filter>Header Files</Filter>
    </ClInclude>
    <ClInclude Include="Arc.h">
      <Filter>Header Files</Filter>
    </ClInclude>
    <ClInclude Include="Area.h">
      <Filter>Header Files</Filter>
    </ClInclude>
    <ClInclude Include="AreaDxf.h">
      <Filter>Header Files</Filter>
    </ClInclude>
    <ClInclude Include="AreaOrderer.h">
      <Filter>Header Files</Filter>
    </ClInclude>
    <ClInclude Include="kbool\include\booleng.h">
      <Filter>Header Files</Filter>
    </ClInclude>
    <ClInclude Include="Box2D.h">
      <Filter>Header Files</Filter>
    </ClInclude>
    <ClInclude Include="Circle.h">
      <Filter>Header Files</Filter>
    </ClInclude>
    <ClInclude Include="Curve.h">
      <Filter>Header Files</Filter>
    </ClInclude>
    <ClInclude Include="dxf.h">
      <Filter>Header Files</Filter>
    </ClInclude>
    <ClInclude Include="kurve\geometry.h">
      <Filter>Header Files</Filter>
    </ClInclude>
    <ClInclude Include="kbool\include\graph.h">
      <Filter>Header Files</Filter>
    </ClInclude>
    <ClInclude Include="kbool\include\graphlst.h">
      <Filter>Header Files</Filter>
    </ClInclude>
    <ClInclude Include="kbool\include\line.h">
      <Filter>Header Files</Filter>
    </ClInclude>
    <ClInclude Include="kbool\include\link.h">
      <Filter>Header Files</Filter>
    </ClInclude>
    <ClInclude Include="kbool\include\lpoint.h">
      <Filter>Header Files</Filter>
    </ClInclude>
    <ClInclude Include="kbool\include\node.h">
      <Filter>Header Files</Filter>
    </ClInclude>
    <ClInclude Include="Point.h">
      <Filter>Header Files</Filter>
    </ClInclude>
    <ClInclude Include="PythonStuff.h">
      <Filter>Header Files</Filter>
    </ClInclude>
    <ClInclude Include="kbool\include\record.h">
      <Filter>Header Files</Filter>
    </ClInclude>
    <ClInclude Include="kbool\include\scanbeam.h">
      <Filter>Header Files</Filter>
    </ClInclude>
  </ItemGroup>
</Project>