<?xml version="1.0" encoding="utf-8"?>
<Project ToolsVersion="4.0" xmlns="http://schemas.microsoft.com/developer/msbuild/2003">
  <ItemGroup>
    <Filter Include="Source Files">
      <UniqueIdentifier>{4FC737F1-C7A5-4376-A066-2A32D752A2FF}</UniqueIdentifier>
      <Extensions>cpp;c;cc;cxx;def;odl;idl;hpj;bat;asm;asmx</Extensions>
    </Filter>
    <Filter Include="Header Files">
      <UniqueIdentifier>{93995380-89BD-4b04-88EB-625FBE52EBFB}</UniqueIdentifier>
      <Extensions>h;hpp;hxx;hm;inl;inc;xsd</Extensions>
    </Filter>
    <Filter Include="Resource Files">
      <UniqueIdentifier>{67DA6AB6-F800-4c08-8B7A-83BB121AAD01}</UniqueIdentifier>
      <Extensions>rc;ico;cur;bmp;dlg;rc2;rct;bin;rgs;gif;jpg;jpeg;jpe;resx;tiff;tif;png;wav</Extensions>
    </Filter>
  </ItemGroup>
  <ItemGroup>
    <ClCompile Include="..\src\dropcutter\adaptivepathdropcutter.cpp">
      <Filter>Source Files</Filter>
    </ClCompile>
    <ClCompile Include="..\src\algo\adaptivewaterline.cpp">
      <Filter>Source Files</Filter>
    </ClCompile>
    <ClCompile Include="..\src\geo\arc.cpp">
      <Filter>Source Files</Filter>
    </ClCompile>
    <ClCompile Include="..\src\cutters\ballcutter.cpp">
      <Filter>Source Files</Filter>
    </ClCompile>
    <ClCompile Include="..\src\dropcutter\batchdropcutter.cpp">
      <Filter>Source Files</Filter>
    </ClCompile>
    <ClCompile Include="..\src\algo\batchpushcutter.cpp">
      <Filter>Source Files</Filter>
    </ClCompile>
    <ClCompile Include="..\src\geo\bbox.cpp">
      <Filter>Source Files</Filter>
    </ClCompile>
    <ClCompile Include="..\src\cutters\bullcutter.cpp">
      <Filter>Source Files</Filter>
    </ClCompile>
    <ClCompile Include="..\src\geo\ccpoint.cpp">
      <Filter>Source Files</Filter>
    </ClCompile>
    <ClCompile Include="..\src\geo\clpoint.cpp">
      <Filter>Source Files</Filter>
    </ClCompile>
    <ClCompile Include="..\src\cutters\compositecutter.cpp">
      <Filter>Source Files</Filter>
    </ClCompile>
    <ClCompile Include="..\src\cutters\conecutter.cpp">
      <Filter>Source Files</Filter>
    </ClCompile>
    <ClCompile Include="..\src\cutters\cylcutter.cpp">
      <Filter>Source Files</Filter>
    </ClCompile>
    <ClCompile Include="dllmain.cpp">
      <Filter>Source Files</Filter>
    </ClCompile>
    <ClCompile Include="..\src\cutters\ellipse.cpp">
      <Filter>Source Files</Filter>
    </ClCompile>
    <ClCompile Include="..\src\cutters\ellipseposition.cpp">
      <Filter>Source Files</Filter>
    </ClCompile>
    <ClCompile Include="..\src\algo\fiber.cpp">
      <Filter>Source Files</Filter>
    </ClCompile>
    <ClCompile Include="..\src\algo\fiberpushcutter.cpp">
      <Filter>Source Files</Filter>
    </ClCompile>
    <ClCompile Include="..\src\algo\interval.cpp">
      <Filter>Source Files</Filter>
    </ClCompile>
    <ClCompile Include="..\src\geo\line.cpp">
      <Filter>Source Files</Filter>
    </ClCompile>
    <ClCompile Include="..\src\common\lineclfilter.cpp">
      <Filter>Source Files</Filter>
    </ClCompile>
    <ClCompile Include="..\src\cutters\millingcutter.cpp">
      <Filter>Source Files</Filter>
    </ClCompile>
    <ClCompile Include="..\src\common\numeric.cpp">
      <Filter>Source Files</Filter>
    </ClCompile>
    <ClCompile Include="..\src\ocl.cpp">
      <Filter>Source Files</Filter>
    </ClCompile>
    <ClCompile Include="..\src\ocl_algo.cpp">
      <Filter>Source Files</Filter>
    </ClCompile>
    <ClCompile Include="..\src\ocl_cutters.cpp">
      <Filter>Source Files</Filter>
    </ClCompile>
    <ClCompile Include="..\src\ocl_dropcutter.cpp">
      <Filter>Source Files</Filter>
    </ClCompile>
    <ClCompile Include="..\src\ocl_geometry.cpp">
      <Filter>Source Files</Filter>
    </ClCompile>
    <ClCompile Include="OpenCamLib.cpp">
      <Filter>Source Files</Filter>
    </ClCompile>
    <ClCompile Include="..\src\geo\path.cpp">
      <Filter>Source Files</Filter>
    </ClCompile>
    <ClCompile Include="..\src\dropcutter\pathdropcutter.cpp">
      <Filter>Source Files</Filter>
    </ClCompile>
    <ClCompile Include="..\src\geo\point.cpp">
      <Filter>Source Files</Filter>
    </ClCompile>
    <ClCompile Include="..\src\dropcutter\pointdropcutter.cpp">
      <Filter>Source Files</Filter>
    </ClCompile>
    <ClCompile Include="stdafx.cpp">
      <Filter>Source Files</Filter>
    </ClCompile>
    <ClCompile Include="..\src\geo\stlreader.cpp">
      <Filter>Source Files</Filter>
    </ClCompile>
    <ClCompile Include="..\src\geo\stlsurf.cpp">
      <Filter>Source Files</Filter>
    </ClCompile>
    <ClCompile Include="..\src\geo\triangle.cpp">
      <Filter>Source Files</Filter>
    </ClCompile>
    <ClCompile Include="..\src\algo\waterline.cpp">
      <Filter>Source Files</Filter>
    </ClCompile>
    <ClCompile Include="..\src\algo\weave.cpp">
      <Filter>Source Files</Filter>
    </ClCompile>
    <ClCompile Include="..\src\algo\simple_weave.cpp">
      <Filter>Source Files</Filter>
    </ClCompile>
    <ClCompile Include="..\src\algo\smart_weave.cpp">
      <Filter>Source Files</Filter>
    </ClCompile>
  </ItemGroup>
  <ItemGroup>
    <ClInclude Include="..\src\dropcutter\adaptivepathdropcutter.h">
      <Filter>Header Files</Filter>
    </ClInclude>
    <ClInclude Include="..\src\dropcutter\adaptivepathdropcutter_py.h">
      <Filter>Header Files</Filter>
    </ClInclude>
    <ClInclude Include="..\src\algo\adaptivewaterline.h">
      <Filter>Header Files</Filter>
    </ClInclude>
    <ClInclude Include="..\src\geo\arc.h">
      <Filter>Header Files</Filter>
    </ClInclude>
    <ClInclude Include="..\src\dropcutter\batchdropcutter.h">
      <Filter>Header Files</Filter>
    </ClInclude>
    <ClInclude Include="..\src\algo\batchdropcutter.h">
      <Filter>Header Files</Filter>
    </ClInclude>
    <ClInclude Include="..\src\dropcutter\batchdropcutter_py.h">
      <Filter>Header Files</Filter>
    </ClInclude>
    <ClInclude Include="..\src\algo\batchpushcutter.h">
      <Filter>Header Files</Filter>
    </ClInclude>
    <ClInclude Include="..\src\geo\bbox.h">
      <Filter>Header Files</Filter>
    </ClInclude>
    <ClInclude Include="..\src\algo\brent_zero.h">
      <Filter>Header Files</Filter>
    </ClInclude>
    <ClInclude Include="..\src\geo\ccpoint.h">
      <Filter>Header Files</Filter>
    </ClInclude>
    <ClInclude Include="..\src\algo\clfilter.h">
      <Filter>Header Files</Filter>
    </ClInclude>
    <ClInclude Include="..\src\geo\clpoint.h">
      <Filter>Header Files</Filter>
    </ClInclude>
    <ClInclude Include="..\src\cutters\compositecutter.h">
      <Filter>Header Files</Filter>
    </ClInclude>
    <ClInclude Include="..\src\cutters\ellipse.h">
      <Filter>Header Files</Filter>
    </ClInclude>
    <ClInclude Include="..\src\cutters\ellipseposition.h">
      <Filter>Header Files</Filter>
    </ClInclude>
    <ClInclude Include="..\src\cutters\epos.h">
      <Filter>Header Files</Filter>
    </ClInclude>
    <ClInclude Include="..\src\algo\facegrid.h">
      <Filter>Header Files</Filter>
    </ClInclude>
    <ClInclude Include="..\src\algo\fiber.h">
      <Filter>Header Files</Filter>
    </ClInclude>
    <ClInclude Include="..\src\algo\fiberpushcutter.h">
      <Filter>Header Files</Filter>
    </ClInclude>
    <ClInclude Include="..\src\algo\halfedgediagram2.h">
      <Filter>Header Files</Filter>
    </ClInclude>
    <ClInclude Include="..\src\algo\interval.h">
      <Filter>Header Files</Filter>
    </ClInclude>
    <ClInclude Include="..\src\algo\kdnode3.h">
      <Filter>Header Files</Filter>
    </ClInclude>
    <ClInclude Include="..\src\geo\line.h">
      <Filter>Header Files</Filter>
    </ClInclude>
    <ClInclude Include="..\src\common\lineclfilter.h">
      <Filter>Header Files</Filter>
    </ClInclude>
    <ClInclude Include="..\src\algo\lineclfilter.h">
      <Filter>Header Files</Filter>
    </ClInclude>
    <ClInclude Include="..\src\manual.h">
      <Filter>Header Files</Filter>
    </ClInclude>
    <ClInclude Include="..\src\cutters\millingcutter.h">
      <Filter>Header Files</Filter>
    </ClInclude>
    <ClInclude Include="..\src\common\numeric.h">
      <Filter>Header Files</Filter>
    </ClInclude>
    <ClInclude Include="..\src\ocl.h">
      <Filter>Header Files</Filter>
    </ClInclude>
    <ClInclude Include="..\src\cutsim\ocode.h">
      <Filter>Header Files</Filter>
    </ClInclude>
    <ClInclude Include="..\src\cutsim\octnode.h">
      <Filter>Header Files</Filter>
    </ClInclude>
    <ClInclude Include="..\src\cutsim\octree.h">
      <Filter>Header Files</Filter>
    </ClInclude>
    <ClInclude Include="..\src\cutsim\octree2.h">
      <Filter>Header Files</Filter>
    </ClInclude>
    <ClInclude Include="..\src\geo\path.h">
      <Filter>Header Files</Filter>
    </ClInclude>
    <ClInclude Include="..\src\dropcutter\pathdropcutter.h">
      <Filter>Header Files</Filter>
    </ClInclude>
    <ClInclude Include="..\src\dropcutter\pathdropcutter_py.h">
      <Filter>Header Files</Filter>
    </ClInclude>
    <ClInclude Include="..\src\algo\pft_visitor.h">
      <Filter>Header Files</Filter>
    </ClInclude>
    <ClInclude Include="..\src\geo\point.h">
      <Filter>Header Files</Filter>
    </ClInclude>
    <ClInclude Include="..\src\dropcutter\pointdropcutter.h">
      <Filter>Header Files</Filter>
    </ClInclude>
    <ClInclude Include="..\src\revision.h">
      <Filter>Header Files</Filter>
    </ClInclude>
    <ClInclude Include="revision.h">
      <Filter>Header Files</Filter>
    </ClInclude>
    <ClInclude Include="stdafx.h">
      <Filter>Header Files</Filter>
    </ClInclude>
    <ClInclude Include="..\src\geo\stlreader.h">
      <Filter>Header Files</Filter>
    </ClInclude>
    <ClInclude Include="..\src\geo\stlsurf.h">
      <Filter>Header Files</Filter>
    </ClInclude>
    <ClInclude Include="targetver.h">
      <Filter>Header Files</Filter>
    </ClInclude>
    <ClInclude Include="..\src\triangle.h">
      <Filter>Header Files</Filter>
    </ClInclude>
    <ClInclude Include="..\src\geo\triangle.h">
      <Filter>Header Files</Filter>
    </ClInclude>
    <ClInclude Include="..\src\cutsim\volume.h">
      <Filter>Header Files</Filter>
    </ClInclude>
    <ClInclude Include="..\src\algo\voronoidiagram.h">
      <Filter>Header Files</Filter>
    </ClInclude>
    <ClInclude Include="..\src\algo\voronoidiagram_graph.h">
      <Filter>Header Files</Filter>
    </ClInclude>
    <ClInclude Include="..\src\algo\waterline.h">
      <Filter>Header Files</Filter>
    </ClInclude>
    <ClInclude Include="..\src\algo\weave.h">
      <Filter>Header Files</Filter>
    </ClInclude>
    <ClInclude Include="..\src\algo\weave2.h">
      <Filter>Header Files</Filter>
    </ClInclude>
    <ClInclude Include="..\src\algo\weave_typedef.h">
      <Filter>Header Files</Filter>
    </ClInclude>
    <ClInclude Include="..\src\algo\simple_weave.hpp">
      <Filter>Source Files</Filter>
    </ClInclude>
    <ClInclude Include="..\src\algo\smart_weave.hpp">
      <Filter>Source Files</Filter>
    </ClInclude>
  </ItemGroup>
  <ItemGroup>
    <Text Include="ReadMe.txt" />
  </ItemGroup>
</Project>